
Microsoft Visual Studio Solution File, Format Version 12.00
# Visual Studio 15
VisualStudioVersion = 15.0.28307.852
MinimumVisualStudioVersion = 10.0.40219.1
Project("{FAE04EC0-301F-11D3-BF4B-00C04F79EFBC}") = "PASSWORD", "PASSWORD\PASSWORD.csproj", "{D4C53786-3E26-4010-82DE-9C107D7AB8C5}"
EndProject
Global
	GlobalSection(SolutionConfigurationPlatforms) = preSolution
		Debug|Any CPU = Debug|Any CPU
		Release|Any CPU = Release|Any CPU
	EndGlobalSection
	GlobalSection(ProjectConfigurationPlatforms) = postSolution
		{D4C53786-3E26-4010-82DE-9C107D7AB8C5}.Debug|Any CPU.ActiveCfg = Debug|Any CPU
		{D4C53786-3E26-4010-82DE-9C107D7AB8C5}.Debug|Any CPU.Build.0 = Debug|Any CPU
		{D4C53786-3E26-4010-82DE-9C107D7AB8C5}.Release|Any CPU.ActiveCfg = Release|Any CPU
		{D4C53786-3E26-4010-82DE-9C107D7AB8C5}.Release|Any CPU.Build.0 = Release|Any CPU
	EndGlobalSection
	GlobalSection(SolutionProperties) = preSolution
		HideSolutionNode = FALSE
	EndGlobalSection
	GlobalSection(ExtensibilityGlobals) = postSolution
		SolutionGuid = {0ED9D1C3-F10D-4BA9-BF2C-E87AD75BD591}
	EndGlobalSection
EndGlobal
